
Microsoft Visual Studio Solution File, Format Version 12.00
# Visual Studio Version 17
VisualStudioVersion = 17.3.32819.101
MinimumVisualStudioVersion = 10.0.40219.1
Project("{9A19103F-16F7-4668-BE54-9A1E7A4F7556}") = "Voyager.BackgroundWorker", "src\Voyager.BackgroundWorker\Voyager.BackgroundWorker.csproj", "{0730C26F-0B84-42D9-9F97-5A661A98886C}"
EndProject
Project("{9A19103F-16F7-4668-BE54-9A1E7A4F7556}") = "Voyager.BackgroundWorker.Test", "test\Voyager.BackgroundWorker.Test\Voyager.BackgroundWorker.Test.csproj", "{536EEC71-ADFA-4351-AB95-FA222B034BF8}"
EndProject
Global
	GlobalSection(SolutionConfigurationPlatforms) = preSolution
		Debug|Any CPU = Debug|Any CPU
		Release|Any CPU = Release|Any CPU
	EndGlobalSection
	GlobalSection(ProjectConfigurationPlatforms) = postSolution
		{0730C26F-0B84-42D9-9F97-5A661A98886C}.Debug|Any CPU.ActiveCfg = Debug|Any CPU
		{0730C26F-0B84-42D9-9F97-5A661A98886C}.Debug|Any CPU.Build.0 = Debug|Any CPU
		{0730C26F-0B84-42D9-9F97-5A661A98886C}.Release|Any CPU.ActiveCfg = Release|Any CPU
		{0730C26F-0B84-42D9-9F97-5A661A98886C}.Release|Any CPU.Build.0 = Release|Any CPU
		{536EEC71-ADFA-4351-AB95-FA222B034BF8}.Debug|Any CPU.ActiveCfg = Debug|Any CPU
		{536EEC71-ADFA-4351-AB95-FA222B034BF8}.Debug|Any CPU.Build.0 = Debug|Any CPU
		{536EEC71-ADFA-4351-AB95-FA222B034BF8}.Release|Any CPU.ActiveCfg = Release|Any CPU
		{536EEC71-ADFA-4351-AB95-FA222B034BF8}.Release|Any CPU.Build.0 = Release|Any CPU
	EndGlobalSection
	GlobalSection(SolutionProperties) = preSolution
		HideSolutionNode = FALSE
	EndGlobalSection
	GlobalSection(ExtensibilityGlobals) = postSolution
		SolutionGuid = {21CBDBC0-0C6A-4C11-914E-D53664C610F2}
	EndGlobalSection
EndGlobal
